
Microsoft Visual Studio Solution File, Format Version 12.00
# Visual Studio Version 17
VisualStudioVersion = 17.11.35312.102
MinimumVisualStudioVersion = 10.0.40219.1
Project("{2150E333-8FDC-42A3-9474-1A3956D46DE8}") = "Services", "Services", "{D10C69BB-D672-4F35-81C9-1FF60F9CCE68}"
EndProject
Project("{2150E333-8FDC-42A3-9474-1A3956D46DE8}") = "Catalog", "Catalog", "{BA3A5366-0382-4879-BD03-575E279085BE}"
EndProject
Project("{9A19103F-16F7-4668-BE54-9A1E7A4F7556}") = "MultShop.Catalog", "Services\Catalog\MultShop.Catalog\MultShop.Catalog.csproj", "{D1030466-DB75-429D-8262-3C3C26150A4C}"
EndProject
Project("{2150E333-8FDC-42A3-9474-1A3956D46DE8}") = "Discount", "Discount", "{EEC9EF64-36D3-4DF7-AD44-D1F285A8371D}"
EndProject
Project("{9A19103F-16F7-4668-BE54-9A1E7A4F7556}") = "MultiShop.Discount", "Services\Discount\MultiShop.Discount\MultiShop.Discount.csproj", "{7885A064-6998-446A-BFAB-399C4C7959ED}"
EndProject
Project("{2150E333-8FDC-42A3-9474-1A3956D46DE8}") = "Order", "Order", "{9C8AEC2E-3561-454E-B5B4-819AB2C7C8E3}"
EndProject
Project("{2150E333-8FDC-42A3-9474-1A3956D46DE8}") = "Core", "Core", "{03E8E0CF-9FB3-4556-99A8-13FB3A095DCB}"
EndProject
Project("{2150E333-8FDC-42A3-9474-1A3956D46DE8}") = "Infrastructure", "Infrastructure", "{D1C5675A-38DE-4BE1-BD7F-D887D2F8D100}"
EndProject
Project("{2150E333-8FDC-42A3-9474-1A3956D46DE8}") = "Presentation", "Presentation", "{2826AC7D-EBE4-4FBE-8B58-2B56028370C6}"
EndProject
Project("{FAE04EC0-301F-11D3-BF4B-00C04F79EFBC}") = "MultiShop.Order.Domain", "Services\Order\Core\MultiShop.Order.Domain\MultiShop.Order.Domain.csproj", "{86E6816D-975D-4722-9257-7E7822AB9445}"
EndProject
Project("{FAE04EC0-301F-11D3-BF4B-00C04F79EFBC}") = "MultiShop.Order.Application", "Services\Order\Core\MultiShop.Order.Application\MultiShop.Order.Application.csproj", "{B10D49B5-5C2B-4266-9C80-17E55FFA2EE4}"
EndProject
Project("{FAE04EC0-301F-11D3-BF4B-00C04F79EFBC}") = "MultiShop.Order.Persistence", "Services\Order\Infrastructure\MultiShop.Order.Persistence\MultiShop.Order.Persistence.csproj", "{580A3FD5-94A7-4AF4-8CF9-7562A8DE19F7}"
EndProject
Project("{FAE04EC0-301F-11D3-BF4B-00C04F79EFBC}") = "MultiShop.Order.WebApi", "Services\Order\Presentation\MultiShop.Order.WebApi\MultiShop.Order.WebApi.csproj", "{4DA07E12-C7B1-41FD-9B67-E34C251BC72F}"
EndProject
Global
	GlobalSection(SolutionConfigurationPlatforms) = preSolution
		Debug|Any CPU = Debug|Any CPU
		Release|Any CPU = Release|Any CPU
	EndGlobalSection
	GlobalSection(ProjectConfigurationPlatforms) = postSolution
		{D1030466-DB75-429D-8262-3C3C26150A4C}.Debug|Any CPU.ActiveCfg = Debug|Any CPU
		{D1030466-DB75-429D-8262-3C3C26150A4C}.Debug|Any CPU.Build.0 = Debug|Any CPU
		{D1030466-DB75-429D-8262-3C3C26150A4C}.Release|Any CPU.ActiveCfg = Release|Any CPU
		{D1030466-DB75-429D-8262-3C3C26150A4C}.Release|Any CPU.Build.0 = Release|Any CPU
		{7885A064-6998-446A-BFAB-399C4C7959ED}.Debug|Any CPU.ActiveCfg = Debug|Any CPU
		{7885A064-6998-446A-BFAB-399C4C7959ED}.Debug|Any CPU.Build.0 = Debug|Any CPU
		{7885A064-6998-446A-BFAB-399C4C7959ED}.Release|Any CPU.ActiveCfg = Release|Any CPU
		{7885A064-6998-446A-BFAB-399C4C7959ED}.Release|Any CPU.Build.0 = Release|Any CPU
		{86E6816D-975D-4722-9257-7E7822AB9445}.Debug|Any CPU.ActiveCfg = Debug|Any CPU
		{86E6816D-975D-4722-9257-7E7822AB9445}.Debug|Any CPU.Build.0 = Debug|Any CPU
		{86E6816D-975D-4722-9257-7E7822AB9445}.Release|Any CPU.ActiveCfg = Release|Any CPU
		{86E6816D-975D-4722-9257-7E7822AB9445}.Release|Any CPU.Build.0 = Release|Any CPU
		{B10D49B5-5C2B-4266-9C80-17E55FFA2EE4}.Debug|Any CPU.ActiveCfg = Debug|Any CPU
		{B10D49B5-5C2B-4266-9C80-17E55FFA2EE4}.Debug|Any CPU.Build.0 = Debug|Any CPU
		{B10D49B5-5C2B-4266-9C80-17E55FFA2EE4}.Release|Any CPU.ActiveCfg = Release|Any CPU
		{B10D49B5-5C2B-4266-9C80-17E55FFA2EE4}.Release|Any CPU.Build.0 = Release|Any CPU
		{580A3FD5-94A7-4AF4-8CF9-7562A8DE19F7}.Debug|Any CPU.ActiveCfg = Debug|Any CPU
		{580A3FD5-94A7-4AF4-8CF9-7562A8DE19F7}.Debug|Any CPU.Build.0 = Debug|Any CPU
		{580A3FD5-94A7-4AF4-8CF9-7562A8DE19F7}.Release|Any CPU.ActiveCfg = Release|Any CPU
		{580A3FD5-94A7-4AF4-8CF9-7562A8DE19F7}.Release|Any CPU.Build.0 = Release|Any CPU
		{4DA07E12-C7B1-41FD-9B67-E34C251BC72F}.Debug|Any CPU.ActiveCfg = Debug|Any CPU
		{4DA07E12-C7B1-41FD-9B67-E34C251BC72F}.Debug|Any CPU.Build.0 = Debug|Any CPU
		{4DA07E12-C7B1-41FD-9B67-E34C251BC72F}.Release|Any CPU.ActiveCfg = Release|Any CPU
		{4DA07E12-C7B1-41FD-9B67-E34C251BC72F}.Release|Any CPU.Build.0 = Release|Any CPU
	EndGlobalSection
	GlobalSection(SolutionProperties) = preSolution
		HideSolutionNode = FALSE
	EndGlobalSection
	GlobalSection(NestedProjects) = preSolution
		{BA3A5366-0382-4879-BD03-575E279085BE} = {D10C69BB-D672-4F35-81C9-1FF60F9CCE68}
		{D1030466-DB75-429D-8262-3C3C26150A4C} = {BA3A5366-0382-4879-BD03-575E279085BE}
		{EEC9EF64-36D3-4DF7-AD44-D1F285A8371D} = {D10C69BB-D672-4F35-81C9-1FF60F9CCE68}
		{7885A064-6998-446A-BFAB-399C4C7959ED} = {EEC9EF64-36D3-4DF7-AD44-D1F285A8371D}
		{9C8AEC2E-3561-454E-B5B4-819AB2C7C8E3} = {D10C69BB-D672-4F35-81C9-1FF60F9CCE68}
		{03E8E0CF-9FB3-4556-99A8-13FB3A095DCB} = {9C8AEC2E-3561-454E-B5B4-819AB2C7C8E3}
		{D1C5675A-38DE-4BE1-BD7F-D887D2F8D100} = {9C8AEC2E-3561-454E-B5B4-819AB2C7C8E3}
		{2826AC7D-EBE4-4FBE-8B58-2B56028370C6} = {9C8AEC2E-3561-454E-B5B4-819AB2C7C8E3}
		{86E6816D-975D-4722-9257-7E7822AB9445} = {03E8E0CF-9FB3-4556-99A8-13FB3A095DCB}
		{B10D49B5-5C2B-4266-9C80-17E55FFA2EE4} = {03E8E0CF-9FB3-4556-99A8-13FB3A095DCB}
		{580A3FD5-94A7-4AF4-8CF9-7562A8DE19F7} = {D1C5675A-38DE-4BE1-BD7F-D887D2F8D100}
		{4DA07E12-C7B1-41FD-9B67-E34C251BC72F} = {2826AC7D-EBE4-4FBE-8B58-2B56028370C6}
	EndGlobalSection
	GlobalSection(ExtensibilityGlobals) = postSolution
		SolutionGuid = {FFE4DCF0-5DFA-4D13-9998-48228E837CBA}
	EndGlobalSection
EndGlobal
